// !$*UTF8*$!
{
	archiveVersion = 1;
	classes = {
	};
	objectVersion = 50;
	objects = {

/* Begin PBXBuildFile section */
		255DCE702C8199B50051A328 /* DBManager.swift in Sources */ = {isa = PBXBuildFile; fileRef = 255DCE6F2C8199B50051A328 /* DBManager.swift */; };
		255F34A52C806DC50074658E /* AppDelegate.swift in Sources */ = {isa = PBXBuildFile; fileRef = 255F34A42C806DC50074658E /* AppDelegate.swift */; };
		255F34A72C806DC50074658E /* SceneDelegate.swift in Sources */ = {isa = PBXBuildFile; fileRef = 255F34A62C806DC50074658E /* SceneDelegate.swift */; };
		255F34AE2C806DCA0074658E /* Assets.xcassets in Resources */ = {isa = PBXBuildFile; fileRef = 255F34AD2C806DCA0074658E /* Assets.xcassets */; };
		255F34B12C806DCA0074658E /* LaunchScreen.storyboard in Resources */ = {isa = PBXBuildFile; fileRef = 255F34AF2C806DCA0074658E /* LaunchScreen.storyboard */; };
		255F34BD2C806E3E0074658E /* HomeViewController.swift in Sources */ = {isa = PBXBuildFile; fileRef = 255F34BB2C806E3E0074658E /* HomeViewController.swift */; };
		255F34BE2C806E3E0074658E /* HomeViewController.xib in Resources */ = {isa = PBXBuildFile; fileRef = 255F34BC2C806E3E0074658E /* HomeViewController.xib */; };
		256A977B2C80BB2600907175 /* NumberConfig.swift in Sources */ = {isa = PBXBuildFile; fileRef = 256A977A2C80BB2600907175 /* NumberConfig.swift */; };
		256A977E2C80C62400907175 /* Data.json in Resources */ = {isa = PBXBuildFile; fileRef = 256A977D2C80C62400907175 /* Data.json */; };
/* End PBXBuildFile section */

/* Begin PBXFileReference section */
		255DCE6F2C8199B50051A328 /* DBManager.swift */ = {isa = PBXFileReference; lastKnownFileType = sourcecode.swift; path = DBManager.swift; sourceTree = "<group>"; };
		255F34A12C806DC50074658E /* NumberApp.app */ = {isa = PBXFileReference; explicitFileType = wrapper.application; includeInIndex = 0; path = NumberApp.app; sourceTree = BUILT_PRODUCTS_DIR; };
		255F34A42C806DC50074658E /* AppDelegate.swift */ = {isa = PBXFileReference; lastKnownFileType = sourcecode.swift; path = AppDelegate.swift; sourceTree = "<group>"; };
		255F34A62C806DC50074658E /* SceneDelegate.swift */ = {isa = PBXFileReference; lastKnownFileType = sourcecode.swift; path = SceneDelegate.swift; sourceTree = "<group>"; };
		255F34AD2C806DCA0074658E /* Assets.xcassets */ = {isa = PBXFileReference; lastKnownFileType = folder.assetcatalog; path = Assets.xcassets; sourceTree = "<group>"; };
		255F34B02C806DCA0074658E /* Base */ = {isa = PBXFileReference; lastKnownFileType = file.storyboard; name = Base; path = Base.lproj/LaunchScreen.storyboard; sourceTree = "<group>"; };
		255F34B22C806DCA0074658E /* Info.plist */ = {isa = PBXFileReference; lastKnownFileType = text.plist.xml; path = Info.plist; sourceTree = "<group>"; };
		255F34BB2C806E3E0074658E /* HomeViewController.swift */ = {isa = PBXFileReference; lastKnownFileType = sourcecode.swift; path = HomeViewController.swift; sourceTree = "<group>"; };
		255F34BC2C806E3E0074658E /* HomeViewController.xib */ = {isa = PBXFileReference; lastKnownFileType = file.xib; path = HomeViewController.xib; sourceTree = "<group>"; };
		256A977A2C80BB2600907175 /* NumberConfig.swift */ = {isa = PBXFileReference; lastKnownFileType = sourcecode.swift; path = NumberConfig.swift; sourceTree = "<group>"; };
		256A977D2C80C62400907175 /* Data.json */ = {isa = PBXFileReference; lastKnownFileType = text.json; path = Data.json; sourceTree = "<group>"; };
/* End PBXFileReference section */

/* Begin PBXFrameworksBuildPhase section */
		255F349E2C806DC50074658E /* Frameworks */ = {
			isa = PBXFrameworksBuildPhase;
			buildActionMask = 2147483647;
			files = (
			);
			runOnlyForDeploymentPostprocessing = 0;
		};
/* End PBXFrameworksBuildPhase section */

/* Begin PBXGroup section */
		255F34982C806DC50074658E = {
			isa = PBXGroup;
			children = (
				255F34A32C806DC50074658E /* NumberApp */,
				255F34A22C806DC50074658E /* Products */,
			);
			sourceTree = "<group>";
		};
		255F34A22C806DC50074658E /* Products */ = {
			isa = PBXGroup;
			children = (
				255F34A12C806DC50074658E /* NumberApp.app */,
			);
			name = Products;
			sourceTree = "<group>";
		};
		255F34A32C806DC50074658E /* NumberApp */ = {
			isa = PBXGroup;
			children = (
				256A97712C80B56A00907175 /* Resources */,
				255F34A42C806DC50074658E /* AppDelegate.swift */,
				255F34A62C806DC50074658E /* SceneDelegate.swift */,
				255F34AD2C806DCA0074658E /* Assets.xcassets */,
				255F34AF2C806DCA0074658E /* LaunchScreen.storyboard */,
				255F34B22C806DCA0074658E /* Info.plist */,
				255F34BB2C806E3E0074658E /* HomeViewController.swift */,
				255F34BC2C806E3E0074658E /* HomeViewController.xib */,
				256A977A2C80BB2600907175 /* NumberConfig.swift */,
				255DCE6F2C8199B50051A328 /* DBManager.swift */,
			);
			path = NumberApp;
			sourceTree = "<group>";
		};
		256A97712C80B56A00907175 /* Resources */ = {
			isa = PBXGroup;
			children = (
				256A977D2C80C62400907175 /* Data.json */,
			);
			path = Resources;
			sourceTree = "<group>";
		};
/* End PBXGroup section */

/* Begin PBXNativeTarget section */
		255F34A02C806DC50074658E /* NumberApp */ = {
			isa = PBXNativeTarget;
			buildConfigurationList = 255F34B52C806DCA0074658E /* Build configuration list for PBXNativeTarget "NumberApp" */;
			buildPhases = (
				255F349D2C806DC50074658E /* Sources */,
				255F349E2C806DC50074658E /* Frameworks */,
				255F349F2C806DC50074658E /* Resources */,
			);
			buildRules = (
			);
			dependencies = (
			);
			name = NumberApp;
			productName = NumberApp;
			productReference = 255F34A12C806DC50074658E /* NumberApp.app */;
			productType = "com.apple.product-type.application";
		};
/* End PBXNativeTarget section */

/* Begin PBXProject section */
		255F34992C806DC50074658E /* Project object */ = {
			isa = PBXProject;
			attributes = {
				LastSwiftUpdateCheck = 1220;
				LastUpgradeCheck = 1220;
				TargetAttributes = {
					255F34A02C806DC50074658E = {
						CreatedOnToolsVersion = 12.2;
					};
				};
			};
			buildConfigurationList = 255F349C2C806DC50074658E /* Build configuration list for PBXProject "NumberApp" */;
			compatibilityVersion = "Xcode 9.3";
			developmentRegion = en;
			hasScannedForEncodings = 0;
			knownRegions = (
				en,
				Base,
			);
			mainGroup = 255F34982C806DC50074658E;
			productRefGroup = 255F34A22C806DC50074658E /* Products */;
			projectDirPath = "";
			projectRoot = "";
			targets = (
				255F34A02C806DC50074658E /* NumberApp */,
			);
		};
/* End PBXProject section */

/* Begin PBXResourcesBuildPhase section */
		255F349F2C806DC50074658E /* Resources */ = {
			isa = PBXResourcesBuildPhase;
			buildActionMask = 2147483647;
			files = (
				256A977E2C80C62400907175 /* Data.json in Resources */,
				255F34B12C806DCA0074658E /* LaunchScreen.storyboard in Resources */,
				255F34AE2C806DCA0074658E /* Assets.xcassets in Resources */,
				255F34BE2C806E3E0074658E /* HomeViewController.xib in Resources */,
			);
			runOnlyForDeploymentPostprocessing = 0;
		};
/* End PBXResourcesBuildPhase section */

/* Begin PBXSourcesBuildPhase section */
		255F349D2C806DC50074658E /* Sources */ = {
			isa = PBXSourcesBuildPhase;
			buildActionMask = 2147483647;
			files = (
				255DCE702C8199B50051A328 /* DBManager.swift in Sources */,
				256A977B2C80BB2600907175 /* NumberConfig.swift in Sources */,
				255F34A52C806DC50074658E /* AppDelegate.swift in Sources */,
				255F34A72C806DC50074658E /* SceneDelegate.swift in Sources */,
				255F34BD2C806E3E0074658E /* HomeViewController.swift in Sources */,
			);
			runOnlyForDeploymentPostprocessing = 0;
		};
/* End PBXSourcesBuildPhase section */

/* Begin PBXVariantGroup section */
		255F34AF2C806DCA0074658E /* LaunchScreen.storyboard */ = {
			isa = PBXVariantGroup;
			children = (
				255F34B02C806DCA0074658E /* Base */,
			);
			name = LaunchScreen.storyboard;
			sourceTree = "<group>";
		};
/* End PBXVariantGroup section */

/* Begin XCBuildConfiguration section */
		255F34B32C806DCA0074658E /* Debug */ = {
			isa = XCBuildConfiguration;
			buildSettings = {
				ALWAYS_SEARCH_USER_PATHS = NO;
				CLANG_ANALYZER_NONNULL = YES;
				CLANG_ANALYZER_NUMBER_OBJECT_CONVERSION = YES_AGGRESSIVE;
				CLANG_CXX_LANGUAGE_STANDARD = "gnu++14";
				CLANG_CXX_LIBRARY = "libc++";
				CLANG_ENABLE_MODULES = YES;
				CLANG_ENABLE_OBJC_ARC = YES;
				CLANG_ENABLE_OBJC_WEAK = YES;
				CLANG_WARN_BLOCK_CAPTURE_AUTORELEASING = YES;
				CLANG_WARN_BOOL_CONVERSION = YES;
				CLANG_WARN_COMMA = YES;
				CLANG_WARN_CONSTANT_CONVERSION = YES;
				CLANG_WARN_DEPRECATED_OBJC_IMPLEMENTATIONS = YES;
				CLANG_WARN_DIRECT_OBJC_ISA_USAGE = YES_ERROR;
				CLANG_WARN_DOCUMENTATION_COMMENTS = YES;
				CLANG_WARN_EMPTY_BODY = YES;
				CLANG_WARN_ENUM_CONVERSION = YES;
				CLANG_WARN_INFINITE_RECURSION = YES;
				CLANG_WARN_INT_CONVERSION = YES;
				CLANG_WARN_NON_LITERAL_NULL_CONVERSION = YES;
				CLANG_WARN_OBJC_IMPLICIT_RETAIN_SELF = YES;
				CLANG_WARN_OBJC_LITERAL_CONVERSION = YES;
				CLANG_WARN_OBJC_ROOT_CLASS = YES_ERROR;
				CLANG_WARN_QUOTED_INCLUDE_IN_FRAMEWORK_HEADER = YES;
				CLANG_WARN_RANGE_LOOP_ANALYSIS = YES;
				CLANG_WARN_STRICT_PROTOTYPES = YES;
				CLANG_WARN_SUSPICIOUS_MOVE = YES;
				CLANG_WARN_UNGUARDED_AVAILABILITY = YES_AGGRESSIVE;
				CLANG_WARN_UNREACHABLE_CODE = YES;
				CLANG_WARN__DUPLICATE_METHOD_MATCH = YES;
				COPY_PHASE_STRIP = NO;
				DEBUG_INFORMATION_FORMAT = dwarf;
				ENABLE_STRICT_OBJC_MSGSEND = YES;
				ENABLE_TESTABILITY = YES;
				GCC_C_LANGUAGE_STANDARD = gnu11;
				GCC_DYNAMIC_NO_PIC = NO;
				GCC_NO_COMMON_BLOCKS = YES;
				GCC_OPTIMIZATION_LEVEL = 0;
				GCC_PREPROCESSOR_DEFINITIONS = (
					"DEBUG=1",
					"$(inherited)",
				);
				GCC_WARN_64_TO_32_BIT_CONVERSION = YES;
				GCC_WARN_ABOUT_RETURN_TYPE = YES_ERROR;
				GCC_WARN_UNDECLARED_SELECTOR = YES;
				GCC_WARN_UNINITIALIZED_AUTOS = YES_AGGRESSIVE;
				GCC_WARN_UNUSED_FUNCTION = YES;
				GCC_WARN_UNUSED_VARIABLE = YES;
				IPHONEOS_DEPLOYMENT_TARGET = 14.2;
				MTL_ENABLE_DEBUG_INFO = INCLUDE_SOURCE;
				MTL_FAST_MATH = YES;
				ONLY_ACTIVE_ARCH = YES;
				SDKROOT = iphoneos;
				SWIFT_ACTIVE_COMPILATION_CONDITIONS = DEBUG;
				SWIFT_OPTIMIZATION_LEVEL = "-Onone";
			};
			name = Debug;
		};
		255F34B42C806DCA0074658E /* Release */ = {
			isa = XCBuildConfiguration;
			buildSettings = {
				ALWAYS_SEARCH_USER_PATHS = NO;
				CLANG_ANALYZER_NONNULL = YES;
				CLANG_ANALYZER_NUMBER_OBJECT_CONVERSION = YES_AGGRESSIVE;
				CLANG_CXX_LANGUAGE_STANDARD = "gnu++14";
				CLANG_CXX_LIBRARY = "libc++";
				CLANG_ENABLE_MODULES = YES;
				CLANG_ENABLE_OBJC_ARC = YES;
				CLANG_ENABLE_OBJC_WEAK = YES;
				CLANG_WARN_BLOCK_CAPTURE_AUTORELEASING = YES;
				CLANG_WARN_BOOL_CONVERSION = YES;
				CLANG_WARN_COMMA = YES;
				CLANG_WARN_CONSTANT_CONVERSION = YES;
				CLANG_WARN_DEPRECATED_OBJC_IMPLEMENTATIONS = YES;
				CLANG_WARN_DIRECT_OBJC_ISA_USAGE = YES_ERROR;
				CLANG_WARN_DOCUMENTATION_COMMENTS = YES;
				CLANG_WARN_EMPTY_BODY = YES;
				CLANG_WARN_ENUM_CONVERSION = YES;
				CLANG_WARN_INFINITE_RECURSION = YES;
				CLANG_WARN_INT_CONVERSION = YES;
				CLANG_WARN_NON_LITERAL_NULL_CONVERSION = YES;
				CLANG_WARN_OBJC_IMPLICIT_RETAIN_SELF = YES;
				CLANG_WARN_OBJC_LITERAL_CONVERSION = YES;
				CLANG_WARN_OBJC_ROOT_CLASS = YES_ERROR;
				CLANG_WARN_QUOTED_INCLUDE_IN_FRAMEWORK_HEADER = YES;
				CLANG_WARN_RANGE_LOOP_ANALYSIS = YES;
				CLANG_WARN_STRICT_PROTOTYPES = YES;
				CLANG_WARN_SUSPICIOUS_MOVE = YES;
				CLANG_WARN_UNGUARDED_AVAILABILITY = YES_AGGRESSIVE;
				CLANG_WARN_UNREACHABLE_CODE = YES;
				CLANG_WARN__DUPLICATE_METHOD_MATCH = YES;
				COPY_PHASE_STRIP = NO;
				DEBUG_INFORMATION_FORMAT = "dwarf-with-dsym";
				ENABLE_NS_ASSERTIONS = NO;
				ENABLE_STRICT_OBJC_MSGSEND = YES;
				GCC_C_LANGUAGE_STANDARD = gnu11;
				GCC_NO_COMMON_BLOCKS = YES;
				GCC_WARN_64_TO_32_BIT_CONVERSION = YES;
				GCC_WARN_ABOUT_RETURN_TYPE = YES_ERROR;
				GCC_WARN_UNDECLARED_SELECTOR = YES;
				GCC_WARN_UNINITIALIZED_AUTOS = YES_AGGRESSIVE;
				GCC_WARN_UNUSED_FUNCTION = YES;
				GCC_WARN_UNUSED_VARIABLE = YES;
				IPHONEOS_DEPLOYMENT_TARGET = 14.2;
				MTL_ENABLE_DEBUG_INFO = NO;
				MTL_FAST_MATH = YES;
				SDKROOT = iphoneos;
				SWIFT_COMPILATION_MODE = wholemodule;
				SWIFT_OPTIMIZATION_LEVEL = "-O";
				VALIDATE_PRODUCT = YES;
			};
			name = Release;
		};
		255F34B62C806DCA0074658E /* Debug */ = {
			isa = XCBuildConfiguration;
			buildSettings = {
				ASSETCATALOG_COMPILER_APPICON_NAME = AppIcon;
				ASSETCATALOG_COMPILER_GLOBAL_ACCENT_COLOR_NAME = AccentColor;
				CODE_SIGN_STYLE = Automatic;
				INFOPLIST_FILE = NumberApp/Info.plist;
				LD_RUNPATH_SEARCH_PATHS = (
					"$(inherited)",
					"@executable_path/Frameworks",
				);
				PRODUCT_BUNDLE_IDENTIFIER = MyCompany.NumberApp;
				PRODUCT_NAME = "$(TARGET_NAME)";
				SWIFT_VERSION = 5.0;
				TARGETED_DEVICE_FAMILY = "1,2";
			};
			name = Debug;
		};
		255F34B72C806DCA0074658E /* Release */ = {
			isa = XCBuildConfiguration;
			buildSettings = {
				ASSETCATALOG_COMPILER_APPICON_NAME = AppIcon;
				ASSETCATALOG_COMPILER_GLOBAL_ACCENT_COLOR_NAME = AccentColor;
				CODE_SIGN_STYLE = Automatic;
				INFOPLIST_FILE = NumberApp/Info.plist;
				LD_RUNPATH_SEARCH_PATHS = (
					"$(inherited)",
					"@executable_path/Frameworks",
				);
				PRODUCT_BUNDLE_IDENTIFIER = MyCompany.NumberApp;
				PRODUCT_NAME = "$(TARGET_NAME)";
				SWIFT_VERSION = 5.0;
				TARGETED_DEVICE_FAMILY = "1,2";
			};
			name = Release;
		};
/* End XCBuildConfiguration section */

/* Begin XCConfigurationList section */
		255F349C2C806DC50074658E /* Build configuration list for PBXProject "NumberApp" */ = {
			isa = XCConfigurationList;
			buildConfigurations = (
				255F34B32C806DCA0074658E /* Debug */,
				255F34B42C806DCA0074658E /* Release */,
			);
			defaultConfigurationIsVisible = 0;
			defaultConfigurationName = Release;
		};
		255F34B52C806DCA0074658E /* Build configuration list for PBXNativeTarget "NumberApp" */ = {
			isa = XCConfigurationList;
			buildConfigurations = (
				255F34B62C806DCA0074658E /* Debug */,
				255F34B72C806DCA0074658E /* Release */,
			);
			defaultConfigurationIsVisible = 0;
			defaultConfigurationName = Release;
		};
/* End XCConfigurationList section */
	};
	rootObject = 255F34992C806DC50074658E /* Project object */;
}
